
Microsoft Visual Studio Solution File, Format Version 12.00
# Visual Studio Version 16
VisualStudioVersion = 16.0.29613.14
MinimumVisualStudioVersion = 10.0.40219.1
Project("{FAE04EC0-301F-11D3-BF4B-00C04F79EFBC}") = "travelTrip", "travelTrip.csproj", "{424DF2CC-B318-4B39-8562-4C998AAD74D2}"
EndProject
Project("{FAE04EC0-301F-11D3-BF4B-00C04F79EFBC}") = "travelTrip.Tests", "..\travelTrip.Tests\travelTrip.Tests.csproj", "{7632DE7B-E026-48FA-AA01-401BC485E53F}"
EndProject
Global
	GlobalSection(SolutionConfigurationPlatforms) = preSolution
		Debug|Any CPU = Debug|Any CPU
		Release|Any CPU = Release|Any CPU
	EndGlobalSection
	GlobalSection(ProjectConfigurationPlatforms) = postSolution
		{424DF2CC-B318-4B39-8562-4C998AAD74D2}.Debug|Any CPU.ActiveCfg = Debug|Any CPU
		{424DF2CC-B318-4B39-8562-4C998AAD74D2}.Debug|Any CPU.Build.0 = Debug|Any CPU
		{424DF2CC-B318-4B39-8562-4C998AAD74D2}.Release|Any CPU.ActiveCfg = Release|Any CPU
		{424DF2CC-B318-4B39-8562-4C998AAD74D2}.Release|Any CPU.Build.0 = Release|Any CPU
		{7632DE7B-E026-48FA-AA01-401BC485E53F}.Debug|Any CPU.ActiveCfg = Debug|Any CPU
		{7632DE7B-E026-48FA-AA01-401BC485E53F}.Debug|Any CPU.Build.0 = Debug|Any CPU
		{7632DE7B-E026-48FA-AA01-401BC485E53F}.Release|Any CPU.ActiveCfg = Release|Any CPU
		{7632DE7B-E026-48FA-AA01-401BC485E53F}.Release|Any CPU.Build.0 = Release|Any CPU
	EndGlobalSection
	GlobalSection(SolutionProperties) = preSolution
		HideSolutionNode = FALSE
	EndGlobalSection
	GlobalSection(ExtensibilityGlobals) = postSolution
		SolutionGuid = {70C29FB4-2096-4C60-AE62-35DF17DBE1F5}
	EndGlobalSection
EndGlobal
